// !$*UTF8*$!
{
	archiveVersion = 1;
	classes = {
	};
	objectVersion = 51;
	objects = {

/* Begin PBXBuildFile section */
		B142DF3A2331D7EB0027681B /* AppDelegate.swift in Sources */ = {isa = PBXBuildFile; fileRef = B142DF392331D7EB0027681B /* AppDelegate.swift */; };
		B142DF3C2331D7EB0027681B /* LoginViewController.swift in Sources */ = {isa = PBXBuildFile; fileRef = B142DF3B2331D7EB0027681B /* LoginViewController.swift */; };
		B142DF3F2331D7EB0027681B /* Main.storyboard in Resources */ = {isa = PBXBuildFile; fileRef = B142DF3D2331D7EB0027681B /* Main.storyboard */; };
		B142DF412331D7F20027681B /* Assets.xcassets in Resources */ = {isa = PBXBuildFile; fileRef = B142DF402331D7F20027681B /* Assets.xcassets */; };
		B142DF442331D7F20027681B /* LaunchScreen.storyboard in Resources */ = {isa = PBXBuildFile; fileRef = B142DF422331D7F20027681B /* LaunchScreen.storyboard */; };
		B142DF502331ECF70027681B /* FriendListViewController.swift in Sources */ = {isa = PBXBuildFile; fileRef = B142DF4F2331ECF70027681B /* FriendListViewController.swift */; };
		B142DF522331EE650027681B /* Message.swift in Sources */ = {isa = PBXBuildFile; fileRef = B142DF512331EE650027681B /* Message.swift */; };
		B142DF542331EFD30027681B /* ChatViewController.swift in Sources */ = {isa = PBXBuildFile; fileRef = B142DF532331EFD30027681B /* ChatViewController.swift */; };
		B142DF562331FA980027681B /* User.swift in Sources */ = {isa = PBXBuildFile; fileRef = B142DF552331FA980027681B /* User.swift */; };
		B142DF58233205DC0027681B /* MainNavigationController.swift in Sources */ = {isa = PBXBuildFile; fileRef = B142DF57233205DC0027681B /* MainNavigationController.swift */; };
		B142DF5A23320A1D0027681B /* GoogleService-Info.plist in Resources */ = {isa = PBXBuildFile; fileRef = B142DF5923320A1D0027681B /* GoogleService-Info.plist */; };
		D6C640918252367CA865D2C5 /* Pods_kiwari_ios_test.framework in Frameworks */ = {isa = PBXBuildFile; fileRef = 804054587CD02433FC097EB4 /* Pods_kiwari_ios_test.framework */; };
/* End PBXBuildFile section */

/* Begin PBXFileReference section */
		2141335BEE6C1DBE5B176416 /* Pods-kiwari-ios-test.release.xcconfig */ = {isa = PBXFileReference; includeInIndex = 1; lastKnownFileType = text.xcconfig; name = "Pods-kiwari-ios-test.release.xcconfig"; path = "Target Support Files/Pods-kiwari-ios-test/Pods-kiwari-ios-test.release.xcconfig"; sourceTree = "<group>"; };
		804054587CD02433FC097EB4 /* Pods_kiwari_ios_test.framework */ = {isa = PBXFileReference; explicitFileType = wrapper.framework; includeInIndex = 0; path = Pods_kiwari_ios_test.framework; sourceTree = BUILT_PRODUCTS_DIR; };
		B142DF362331D7EB0027681B /* kiwari-ios-test.app */ = {isa = PBXFileReference; explicitFileType = wrapper.application; includeInIndex = 0; path = "kiwari-ios-test.app"; sourceTree = BUILT_PRODUCTS_DIR; };
		B142DF392331D7EB0027681B /* AppDelegate.swift */ = {isa = PBXFileReference; lastKnownFileType = sourcecode.swift; path = AppDelegate.swift; sourceTree = "<group>"; };
		B142DF3B2331D7EB0027681B /* LoginViewController.swift */ = {isa = PBXFileReference; lastKnownFileType = sourcecode.swift; path = LoginViewController.swift; sourceTree = "<group>"; };
		B142DF3E2331D7EB0027681B /* Base */ = {isa = PBXFileReference; lastKnownFileType = file.storyboard; name = Base; path = Base.lproj/Main.storyboard; sourceTree = "<group>"; };
		B142DF402331D7F20027681B /* Assets.xcassets */ = {isa = PBXFileReference; lastKnownFileType = folder.assetcatalog; path = Assets.xcassets; sourceTree = "<group>"; };
		B142DF432331D7F20027681B /* Base */ = {isa = PBXFileReference; lastKnownFileType = file.storyboard; name = Base; path = Base.lproj/LaunchScreen.storyboard; sourceTree = "<group>"; };
		B142DF452331D7F20027681B /* Info.plist */ = {isa = PBXFileReference; lastKnownFileType = text.plist.xml; path = Info.plist; sourceTree = "<group>"; };
		B142DF4F2331ECF70027681B /* FriendListViewController.swift */ = {isa = PBXFileReference; lastKnownFileType = sourcecode.swift; path = FriendListViewController.swift; sourceTree = "<group>"; };
		B142DF512331EE650027681B /* Message.swift */ = {isa = PBXFileReference; lastKnownFileType = sourcecode.swift; path = Message.swift; sourceTree = "<group>"; };
		B142DF532331EFD30027681B /* ChatViewController.swift */ = {isa = PBXFileReference; lastKnownFileType = sourcecode.swift; path = ChatViewController.swift; sourceTree = "<group>"; };
		B142DF552331FA980027681B /* User.swift */ = {isa = PBXFileReference; lastKnownFileType = sourcecode.swift; path = User.swift; sourceTree = "<group>"; };
		B142DF57233205DC0027681B /* MainNavigationController.swift */ = {isa = PBXFileReference; lastKnownFileType = sourcecode.swift; path = MainNavigationController.swift; sourceTree = "<group>"; };
		B142DF5923320A1D0027681B /* GoogleService-Info.plist */ = {isa = PBXFileReference; fileEncoding = 4; lastKnownFileType = text.plist.xml; path = "GoogleService-Info.plist"; sourceTree = "<group>"; };
		BD334D8BF6B3049D8227A995 /* Pods-kiwari-ios-test.debug.xcconfig */ = {isa = PBXFileReference; includeInIndex = 1; lastKnownFileType = text.xcconfig; name = "Pods-kiwari-ios-test.debug.xcconfig"; path = "Target Support Files/Pods-kiwari-ios-test/Pods-kiwari-ios-test.debug.xcconfig"; sourceTree = "<group>"; };
/* End PBXFileReference section */

/* Begin PBXFrameworksBuildPhase section */
		B142DF332331D7EB0027681B /* Frameworks */ = {
			isa = PBXFrameworksBuildPhase;
			buildActionMask = 2147483647;
			files = (
				D6C640918252367CA865D2C5 /* Pods_kiwari_ios_test.framework in Frameworks */,
			);
			runOnlyForDeploymentPostprocessing = 0;
		};
/* End PBXFrameworksBuildPhase section */

/* Begin PBXGroup section */
		19B05F24F6F9F0E4240F2097 /* Pods */ = {
			isa = PBXGroup;
			children = (
				BD334D8BF6B3049D8227A995 /* Pods-kiwari-ios-test.debug.xcconfig */,
				2141335BEE6C1DBE5B176416 /* Pods-kiwari-ios-test.release.xcconfig */,
			);
			path = Pods;
			sourceTree = "<group>";
		};
		6A9F0B4857A93EAECAD840DA /* Frameworks */ = {
			isa = PBXGroup;
			children = (
				804054587CD02433FC097EB4 /* Pods_kiwari_ios_test.framework */,
			);
			name = Frameworks;
			sourceTree = "<group>";
		};
		B142DF2D2331D7EB0027681B = {
			isa = PBXGroup;
			children = (
				B142DF382331D7EB0027681B /* kiwari-ios-test */,
				B142DF372331D7EB0027681B /* Products */,
				19B05F24F6F9F0E4240F2097 /* Pods */,
				6A9F0B4857A93EAECAD840DA /* Frameworks */,
			);
			sourceTree = "<group>";
		};
		B142DF372331D7EB0027681B /* Products */ = {
			isa = PBXGroup;
			children = (
				B142DF362331D7EB0027681B /* kiwari-ios-test.app */,
			);
			name = Products;
			sourceTree = "<group>";
		};
		B142DF382331D7EB0027681B /* kiwari-ios-test */ = {
			isa = PBXGroup;
			children = (
				B142DF4F2331ECF70027681B /* FriendListViewController.swift */,
				B142DF392331D7EB0027681B /* AppDelegate.swift */,
				B142DF3B2331D7EB0027681B /* LoginViewController.swift */,
				B142DF3D2331D7EB0027681B /* Main.storyboard */,
				B142DF402331D7F20027681B /* Assets.xcassets */,
				B142DF422331D7F20027681B /* LaunchScreen.storyboard */,
				B142DF452331D7F20027681B /* Info.plist */,
				B142DF512331EE650027681B /* Message.swift */,
				B142DF532331EFD30027681B /* ChatViewController.swift */,
				B142DF552331FA980027681B /* User.swift */,
				B142DF57233205DC0027681B /* MainNavigationController.swift */,
				B142DF5923320A1D0027681B /* GoogleService-Info.plist */,
			);
			path = "kiwari-ios-test";
			sourceTree = "<group>";
		};
/* End PBXGroup section */

/* Begin PBXNativeTarget section */
		B142DF352331D7EB0027681B /* kiwari-ios-test */ = {
			isa = PBXNativeTarget;
			buildConfigurationList = B142DF482331D7F20027681B /* Build configuration list for PBXNativeTarget "kiwari-ios-test" */;
			buildPhases = (
				5BD4819691CC471DDCBCCA6E /* [CP] Check Pods Manifest.lock */,
				B142DF322331D7EB0027681B /* Sources */,
				B142DF332331D7EB0027681B /* Frameworks */,
				B142DF342331D7EB0027681B /* Resources */,
				CDF407A43703A5DF38778320 /* [CP] Embed Pods Frameworks */,
			);
			buildRules = (
			);
			dependencies = (
			);
			name = "kiwari-ios-test";
			productName = "kiwari-ios-test";
			productReference = B142DF362331D7EB0027681B /* kiwari-ios-test.app */;
			productType = "com.apple.product-type.application";
		};
/* End PBXNativeTarget section */

/* Begin PBXProject section */
		B142DF2E2331D7EB0027681B /* Project object */ = {
			isa = PBXProject;
			attributes = {
				LastSwiftUpdateCheck = 1010;
				LastUpgradeCheck = 1010;
				ORGANIZATIONNAME = fatahillah;
				TargetAttributes = {
					B142DF352331D7EB0027681B = {
						CreatedOnToolsVersion = 10.1;
					};
				};
			};
			buildConfigurationList = B142DF312331D7EB0027681B /* Build configuration list for PBXProject "kiwari-ios-test" */;
			compatibilityVersion = "Xcode 9.3";
			developmentRegion = en;
			hasScannedForEncodings = 0;
			knownRegions = (
				en,
				Base,
			);
			mainGroup = B142DF2D2331D7EB0027681B;
			productRefGroup = B142DF372331D7EB0027681B /* Products */;
			projectDirPath = "";
			projectRoot = "";
			targets = (
				B142DF352331D7EB0027681B /* kiwari-ios-test */,
			);
		};
/* End PBXProject section */

/* Begin PBXResourcesBuildPhase section */
		B142DF342331D7EB0027681B /* Resources */ = {
			isa = PBXResourcesBuildPhase;
			buildActionMask = 2147483647;
			files = (
				B142DF442331D7F20027681B /* LaunchScreen.storyboard in Resources */,
				B142DF5A23320A1D0027681B /* GoogleService-Info.plist in Resources */,
				B142DF412331D7F20027681B /* Assets.xcassets in Resources */,
				B142DF3F2331D7EB0027681B /* Main.storyboard in Resources */,
			);
			runOnlyForDeploymentPostprocessing = 0;
		};
/* End PBXResourcesBuildPhase section */

/* Begin PBXShellScriptBuildPhase section */
		5BD4819691CC471DDCBCCA6E /* [CP] Check Pods Manifest.lock */ = {
			isa = PBXShellScriptBuildPhase;
			buildActionMask = 2147483647;
			files = (
			);
			inputFileListPaths = (
			);
			inputPaths = (
				"${PODS_PODFILE_DIR_PATH}/Podfile.lock",
				"${PODS_ROOT}/Manifest.lock",
			);
			name = "[CP] Check Pods Manifest.lock";
			outputFileListPaths = (
			);
			outputPaths = (
				"$(DERIVED_FILE_DIR)/Pods-kiwari-ios-test-checkManifestLockResult.txt",
			);
			runOnlyForDeploymentPostprocessing = 0;
			shellPath = /bin/sh;
			shellScript = "diff \"${PODS_PODFILE_DIR_PATH}/Podfile.lock\" \"${PODS_ROOT}/Manifest.lock\" > /dev/null\nif [ $? != 0 ] ; then\n    # print error to STDERR\n    echo \"error: The sandbox is not in sync with the Podfile.lock. Run 'pod install' or update your CocoaPods installation.\" >&2\n    exit 1\nfi\n# This output is used by Xcode 'outputs' to avoid re-running this script phase.\necho \"SUCCESS\" > \"${SCRIPT_OUTPUT_FILE_0}\"\n";
			showEnvVarsInLog = 0;
		};
		CDF407A43703A5DF38778320 /* [CP] Embed Pods Frameworks */ = {
			isa = PBXShellScriptBuildPhase;
			buildActionMask = 2147483647;
			files = (
			);
			inputFileListPaths = (
				"${PODS_ROOT}/Target Support Files/Pods-kiwari-ios-test/Pods-kiwari-ios-test-frameworks-${CONFIGURATION}-input-files.xcfilelist",
			);
			name = "[CP] Embed Pods Frameworks";
			outputFileListPaths = (
				"${PODS_ROOT}/Target Support Files/Pods-kiwari-ios-test/Pods-kiwari-ios-test-frameworks-${CONFIGURATION}-output-files.xcfilelist",
			);
			runOnlyForDeploymentPostprocessing = 0;
			shellPath = /bin/sh;
			shellScript = "\"${PODS_ROOT}/Target Support Files/Pods-kiwari-ios-test/Pods-kiwari-ios-test-frameworks.sh\"\n";
			showEnvVarsInLog = 0;
		};
/* End PBXShellScriptBuildPhase section */

/* Begin PBXSourcesBuildPhase section */
		B142DF322331D7EB0027681B /* Sources */ = {
			isa = PBXSourcesBuildPhase;
			buildActionMask = 2147483647;
			files = (
				B142DF3C2331D7EB0027681B /* LoginViewController.swift in Sources */,
				B142DF3A2331D7EB0027681B /* AppDelegate.swift in Sources */,
				B142DF562331FA980027681B /* User.swift in Sources */,
				B142DF502331ECF70027681B /* FriendListViewController.swift in Sources */,
				B142DF58233205DC0027681B /* MainNavigationController.swift in Sources */,
				B142DF542331EFD30027681B /* ChatViewController.swift in Sources */,
				B142DF522331EE650027681B /* Message.swift in Sources */,
			);
			runOnlyForDeploymentPostprocessing = 0;
		};
/* End PBXSourcesBuildPhase section */

/* Begin PBXVariantGroup section */
		B142DF3D2331D7EB0027681B /* Main.storyboard */ = {
			isa = PBXVariantGroup;
			children = (
				B142DF3E2331D7EB0027681B /* Base */,
			);
			name = Main.storyboard;
			sourceTree = "<group>";
		};
		B142DF422331D7F20027681B /* LaunchScreen.storyboard */ = {
			isa = PBXVariantGroup;
			children = (
				B142DF432331D7F20027681B /* Base */,
			);
			name = LaunchScreen.storyboard;
			sourceTree = "<group>";
		};
/* End PBXVariantGroup section */

/* Begin XCBuildConfiguration section */
		B142DF462331D7F20027681B /* Debug */ = {
			isa = XCBuildConfiguration;
			buildSettings = {
				ALWAYS_SEARCH_USER_PATHS = NO;
				CLANG_ANALYZER_NONNULL = YES;
				CLANG_ANALYZER_NUMBER_OBJECT_CONVERSION = YES_AGGRESSIVE;
				CLANG_CXX_LANGUAGE_STANDARD = "gnu++14";
				CLANG_CXX_LIBRARY = "libc++";
				CLANG_ENABLE_MODULES = YES;
				CLANG_ENABLE_OBJC_ARC = YES;
				CLANG_ENABLE_OBJC_WEAK = YES;
				CLANG_WARN_BLOCK_CAPTURE_AUTORELEASING = YES;
				CLANG_WARN_BOOL_CONVERSION = YES;
				CLANG_WARN_COMMA = YES;
				CLANG_WARN_CONSTANT_CONVERSION = YES;
				CLANG_WARN_DEPRECATED_OBJC_IMPLEMENTATIONS = YES;
				CLANG_WARN_DIRECT_OBJC_ISA_USAGE = YES_ERROR;
				CLANG_WARN_DOCUMENTATION_COMMENTS = YES;
				CLANG_WARN_EMPTY_BODY = YES;
				CLANG_WARN_ENUM_CONVERSION = YES;
				CLANG_WARN_INFINITE_RECURSION = YES;
				CLANG_WARN_INT_CONVERSION = YES;
				CLANG_WARN_NON_LITERAL_NULL_CONVERSION = YES;
				CLANG_WARN_OBJC_IMPLICIT_RETAIN_SELF = YES;
				CLANG_WARN_OBJC_LITERAL_CONVERSION = YES;
				CLANG_WARN_OBJC_ROOT_CLASS = YES_ERROR;
				CLANG_WARN_RANGE_LOOP_ANALYSIS = YES;
				CLANG_WARN_STRICT_PROTOTYPES = YES;
				CLANG_WARN_SUSPICIOUS_MOVE = YES;
				CLANG_WARN_UNGUARDED_AVAILABILITY = YES_AGGRESSIVE;
				CLANG_WARN_UNREACHABLE_CODE = YES;
				CLANG_WARN__DUPLICATE_METHOD_MATCH = YES;
				CODE_SIGN_IDENTITY = "iPhone Developer";
				COPY_PHASE_STRIP = NO;
				DEBUG_INFORMATION_FORMAT = dwarf;
				ENABLE_STRICT_OBJC_MSGSEND = YES;
				ENABLE_TESTABILITY = YES;
				GCC_C_LANGUAGE_STANDARD = gnu11;
				GCC_DYNAMIC_NO_PIC = NO;
				GCC_NO_COMMON_BLOCKS = YES;
				GCC_OPTIMIZATION_LEVEL = 0;
				GCC_PREPROCESSOR_DEFINITIONS = (
					"DEBUG=1",
					"$(inherited)",
				);
				GCC_WARN_64_TO_32_BIT_CONVERSION = YES;
				GCC_WARN_ABOUT_RETURN_TYPE = YES_ERROR;
				GCC_WARN_UNDECLARED_SELECTOR = YES;
				GCC_WARN_UNINITIALIZED_AUTOS = YES_AGGRESSIVE;
				GCC_WARN_UNUSED_FUNCTION = YES;
				GCC_WARN_UNUSED_VARIABLE = YES;
				IPHONEOS_DEPLOYMENT_TARGET = 12.1;
				MTL_ENABLE_DEBUG_INFO = INCLUDE_SOURCE;
				MTL_FAST_MATH = YES;
				ONLY_ACTIVE_ARCH = YES;
				SDKROOT = iphoneos;
				SWIFT_ACTIVE_COMPILATION_CONDITIONS = DEBUG;
				SWIFT_OPTIMIZATION_LEVEL = "-Onone";
			};
			name = Debug;
		};
		B142DF472331D7F20027681B /* Release */ = {
			isa = XCBuildConfiguration;
			buildSettings = {
				ALWAYS_SEARCH_USER_PATHS = NO;
				CLANG_ANALYZER_NONNULL = YES;
				CLANG_ANALYZER_NUMBER_OBJECT_CONVERSION = YES_AGGRESSIVE;
				CLANG_CXX_LANGUAGE_STANDARD = "gnu++14";
				CLANG_CXX_LIBRARY = "libc++";
				CLANG_ENABLE_MODULES = YES;
				CLANG_ENABLE_OBJC_ARC = YES;
				CLANG_ENABLE_OBJC_WEAK = YES;
				CLANG_WARN_BLOCK_CAPTURE_AUTORELEASING = YES;
				CLANG_WARN_BOOL_CONVERSION = YES;
				CLANG_WARN_COMMA = YES;
				CLANG_WARN_CONSTANT_CONVERSION = YES;
				CLANG_WARN_DEPRECATED_OBJC_IMPLEMENTATIONS = YES;
				CLANG_WARN_DIRECT_OBJC_ISA_USAGE = YES_ERROR;
				CLANG_WARN_DOCUMENTATION_COMMENTS = YES;
				CLANG_WARN_EMPTY_BODY = YES;
				CLANG_WARN_ENUM_CONVERSION = YES;
				CLANG_WARN_INFINITE_RECURSION = YES;
				CLANG_WARN_INT_CONVERSION = YES;
				CLANG_WARN_NON_LITERAL_NULL_CONVERSION = YES;
				CLANG_WARN_OBJC_IMPLICIT_RETAIN_SELF = YES;
				CLANG_WARN_OBJC_LITERAL_CONVERSION = YES;
				CLANG_WARN_OBJC_ROOT_CLASS = YES_ERROR;
				CLANG_WARN_RANGE_LOOP_ANALYSIS = YES;
				CLANG_WARN_STRICT_PROTOTYPES = YES;
				CLANG_WARN_SUSPICIOUS_MOVE = YES;
				CLANG_WARN_UNGUARDED_AVAILABILITY = YES_AGGRESSIVE;
				CLANG_WARN_UNREACHABLE_CODE = YES;
				CLANG_WARN__DUPLICATE_METHOD_MATCH = YES;
				CODE_SIGN_IDENTITY = "iPhone Developer";
				COPY_PHASE_STRIP = NO;
				DEBUG_INFORMATION_FORMAT = "dwarf-with-dsym";
				ENABLE_NS_ASSERTIONS = NO;
				ENABLE_STRICT_OBJC_MSGSEND = YES;
				GCC_C_LANGUAGE_STANDARD = gnu11;
				GCC_NO_COMMON_BLOCKS = YES;
				GCC_WARN_64_TO_32_BIT_CONVERSION = YES;
				GCC_WARN_ABOUT_RETURN_TYPE = YES_ERROR;
				GCC_WARN_UNDECLARED_SELECTOR = YES;
				GCC_WARN_UNINITIALIZED_AUTOS = YES_AGGRESSIVE;
				GCC_WARN_UNUSED_FUNCTION = YES;
				GCC_WARN_UNUSED_VARIABLE = YES;
				IPHONEOS_DEPLOYMENT_TARGET = 12.1;
				MTL_ENABLE_DEBUG_INFO = NO;
				MTL_FAST_MATH = YES;
				SDKROOT = iphoneos;
				SWIFT_COMPILATION_MODE = wholemodule;
				SWIFT_OPTIMIZATION_LEVEL = "-O";
				VALIDATE_PRODUCT = YES;
			};
			name = Release;
		};
		B142DF492331D7F20027681B /* Debug */ = {
			isa = XCBuildConfiguration;
			baseConfigurationReference = BD334D8BF6B3049D8227A995 /* Pods-kiwari-ios-test.debug.xcconfig */;
			buildSettings = {
				ASSETCATALOG_COMPILER_APPICON_NAME = AppIcon;
				CODE_SIGN_STYLE = Automatic;
				INFOPLIST_FILE = "kiwari-ios-test/Info.plist";
				LD_RUNPATH_SEARCH_PATHS = (
					"$(inherited)",
					"@executable_path/Frameworks",
				);
				PRODUCT_BUNDLE_IDENTIFIER = "xyz.fatahillah.kiwari-ios-test";
				PRODUCT_NAME = "$(TARGET_NAME)";
				SWIFT_VERSION = 4.2;
				TARGETED_DEVICE_FAMILY = "1,2";
			};
			name = Debug;
		};
		B142DF4A2331D7F20027681B /* Release */ = {
			isa = XCBuildConfiguration;
			baseConfigurationReference = 2141335BEE6C1DBE5B176416 /* Pods-kiwari-ios-test.release.xcconfig */;
			buildSettings = {
				ASSETCATALOG_COMPILER_APPICON_NAME = AppIcon;
				CODE_SIGN_STYLE = Automatic;
				INFOPLIST_FILE = "kiwari-ios-test/Info.plist";
				LD_RUNPATH_SEARCH_PATHS = (
					"$(inherited)",
					"@executable_path/Frameworks",
				);
				PRODUCT_BUNDLE_IDENTIFIER = "xyz.fatahillah.kiwari-ios-test";
				PRODUCT_NAME = "$(TARGET_NAME)";
				SWIFT_VERSION = 4.2;
				TARGETED_DEVICE_FAMILY = "1,2";
			};
			name = Release;
		};
/* End XCBuildConfiguration section */

/* Begin XCConfigurationList section */
		B142DF312331D7EB0027681B /* Build configuration list for PBXProject "kiwari-ios-test" */ = {
			isa = XCConfigurationList;
			buildConfigurations = (
				B142DF462331D7F20027681B /* Debug */,
				B142DF472331D7F20027681B /* Release */,
			);
			defaultConfigurationIsVisible = 0;
			defaultConfigurationName = Release;
		};
		B142DF482331D7F20027681B /* Build configuration list for PBXNativeTarget "kiwari-ios-test" */ = {
			isa = XCConfigurationList;
			buildConfigurations = (
				B142DF492331D7F20027681B /* Debug */,
				B142DF4A2331D7F20027681B /* Release */,
			);
			defaultConfigurationIsVisible = 0;
			defaultConfigurationName = Release;
		};
/* End XCConfigurationList section */
	};
	rootObject = B142DF2E2331D7EB0027681B /* Project object */;
}
